dependencies:
  espressif/bh1750:
    component_hash: e898130f6b2fc4bc0d6022a2e431752bae808b9c94d4cc91596e36ecaf4cb7c6
    dependencies:
    - name: idf
      require: private
      version: '>=5.3'
    source:
      registry_url: https://components.espressif.com/
      type: service
    version: 2.0.0
  espressif/cjson:
    component_hash: 9372811fb197926f522c467627cf4a8e72b681e0366e17879631da801103aef3
    dependencies:
    - name: idf
      require: private
      version: '>=5.0'
    source:
      registry_url: https://components.espressif.com/
      type: service
    version: 1.7.19
  idf:
    source:
      type: idf
    version: 5.5.1
direct_dependencies:
- espressif/bh1750
- espressif/cjson
- idf
manifest_hash: 04e1267ebb2b149a17121ca0a5f9d57101a73ab0d9e191f44860960e056818b2
target: esp32
version: 2.0.0
